
Microsoft Visual Studio Solution File, Format Version 12.00
# Visual Studio Version 17
VisualStudioVersion = 17.4.33205.214
MinimumVisualStudioVersion = 10.0.40219.1
Project("{FAE04EC0-301F-11D3-BF4B-00C04F79EFBC}") = "Simplified-Chinese-HSK-3.0-SRS-Heatmap", "Simplified-Chinese-HSK-3.0-SRS-Heatmap\Simplified-Chinese-HSK-3.0-SRS-Heatmap.csproj", "{C5C15062-BB90-4F96-88BE-7A32A324C19C}"
EndProject
Global
	GlobalSection(SolutionConfigurationPlatforms) = preSolution
		Debug|Any CPU = Debug|Any CPU
		Release|Any CPU = Release|Any CPU
	EndGlobalSection
	GlobalSection(ProjectConfigurationPlatforms) = postSolution
		{C5C15062-BB90-4F96-88BE-7A32A324C19C}.Debug|Any CPU.ActiveCfg = Debug|Any CPU
		{C5C15062-BB90-4F96-88BE-7A32A324C19C}.Debug|Any CPU.Build.0 = Debug|Any CPU
		{C5C15062-BB90-4F96-88BE-7A32A324C19C}.Release|Any CPU.ActiveCfg = Release|Any CPU
		{C5C15062-BB90-4F96-88BE-7A32A324C19C}.Release|Any CPU.Build.0 = Release|Any CPU
	EndGlobalSection
	GlobalSection(SolutionProperties) = preSolution
		HideSolutionNode = FALSE
	EndGlobalSection
	GlobalSection(ExtensibilityGlobals) = postSolution
		SolutionGuid = {23E0CD03-2D1E-4DB9-A58C-090DA3872DC0}
	EndGlobalSection
EndGlobal
